
Microsoft Visual Studio Solution File, Format Version 12.00
# Visual Studio 2017
Project("{FAE04EC0-301F-11D3-BF4B-00C04F79EFBC}") = "Vive Test", "Vive Test.csproj", "{C22328A8-B56D-F905-101B-E29F40F7A5FB}"
EndProject
Project("{FAE04EC0-301F-11D3-BF4B-00C04F79EFBC}") = "Vive Test.Editor", "Vive Test.Editor.csproj", "{BD077402-53DE-715C-2347-31020E2C8423}"
EndProject
Global
	GlobalSection(SolutionConfigurationPlatforms) = preSolution
		Debug|Any CPU = Debug|Any CPU
		Release|Any CPU = Release|Any CPU
	EndGlobalSection
	GlobalSection(ProjectConfigurationPlatforms) = postSolution
		{C22328A8-B56D-F905-101B-E29F40F7A5FB}.Debug|Any CPU.ActiveCfg = Debug|Any CPU
		{C22328A8-B56D-F905-101B-E29F40F7A5FB}.Debug|Any CPU.Build.0 = Debug|Any CPU
		{C22328A8-B56D-F905-101B-E29F40F7A5FB}.Release|Any CPU.ActiveCfg = Release|Any CPU
		{C22328A8-B56D-F905-101B-E29F40F7A5FB}.Release|Any CPU.Build.0 = Release|Any CPU
		{BD077402-53DE-715C-2347-31020E2C8423}.Debug|Any CPU.ActiveCfg = Debug|Any CPU
		{BD077402-53DE-715C-2347-31020E2C8423}.Debug|Any CPU.Build.0 = Debug|Any CPU
		{BD077402-53DE-715C-2347-31020E2C8423}.Release|Any CPU.ActiveCfg = Release|Any CPU
		{BD077402-53DE-715C-2347-31020E2C8423}.Release|Any CPU.Build.0 = Release|Any CPU
	EndGlobalSection
	GlobalSection(SolutionProperties) = preSolution
		HideSolutionNode = FALSE
	EndGlobalSection
EndGlobal
